
Microsoft Visual Studio Solution File, Format Version 12.00
# Visual Studio Version 16
VisualStudioVersion = 16.0.29728.190
MinimumVisualStudioVersion = 10.0.40219.1
Project("{9A19103F-16F7-4668-BE54-9A1E7A4F7556}") = "UpLandDataAnalyser_Web", "..\UpLandDataAnalyser_Web\UpLandDataAnalyser_Web.csproj", "{3467ACDC-4392-4C9D-848B-8D38515C95E4}"
EndProject
Project("{9A19103F-16F7-4668-BE54-9A1E7A4F7556}") = "ApiDataTest", "..\ApiDataTest\ApiDataTest.csproj", "{505E0547-0F0B-42B0-B72B-B0107B0C982F}"
EndProject
Global
	GlobalSection(SolutionConfigurationPlatforms) = preSolution
		Debug|Any CPU = Debug|Any CPU
		Release|Any CPU = Release|Any CPU
	EndGlobalSection
	GlobalSection(ProjectConfigurationPlatforms) = postSolution
		{3467ACDC-4392-4C9D-848B-8D38515C95E4}.Debug|Any CPU.ActiveCfg = Debug|Any CPU
		{3467ACDC-4392-4C9D-848B-8D38515C95E4}.Debug|Any CPU.Build.0 = Debug|Any CPU
		{3467ACDC-4392-4C9D-848B-8D38515C95E4}.Release|Any CPU.ActiveCfg = Release|Any CPU
		{3467ACDC-4392-4C9D-848B-8D38515C95E4}.Release|Any CPU.Build.0 = Release|Any CPU
		{505E0547-0F0B-42B0-B72B-B0107B0C982F}.Debug|Any CPU.ActiveCfg = Debug|Any CPU
		{505E0547-0F0B-42B0-B72B-B0107B0C982F}.Debug|Any CPU.Build.0 = Debug|Any CPU
		{505E0547-0F0B-42B0-B72B-B0107B0C982F}.Release|Any CPU.ActiveCfg = Release|Any CPU
		{505E0547-0F0B-42B0-B72B-B0107B0C982F}.Release|Any CPU.Build.0 = Release|Any CPU
	EndGlobalSection
	GlobalSection(SolutionProperties) = preSolution
		HideSolutionNode = FALSE
	EndGlobalSection
	GlobalSection(ExtensibilityGlobals) = postSolution
		SolutionGuid = {84D12BDA-6CE8-4675-89B0-BFBD9C61A1DC}
	EndGlobalSection
EndGlobal
